
Microsoft Visual Studio Solution File, Format Version 12.00
# Visual Studio Version 17
VisualStudioVersion = 17.0.31903.59
MinimumVisualStudioVersion = 10.0.40219.1
Project("{9A19103F-16F7-4668-BE54-9A1E7A4F7556}") = "ArabicCompilerApp", "ArabicCompilerApp\ArabicCompilerApp.csproj", "{DFD7BC15-C69A-4B05-9ACC-465C56225F89}"
EndProject
Project("{9A19103F-16F7-4668-BE54-9A1E7A4F7556}") = "ArabicCompilerIDE", "ArabicCompilerIDE\ArabicCompilerIDE.csproj", "{EA52E56D-90AA-423D-B540-6AE85E7CF46A}"
EndProject
Global
	GlobalSection(SolutionConfigurationPlatforms) = preSolution
		Debug|Any CPU = Debug|Any CPU
		Release|Any CPU = Release|Any CPU
	EndGlobalSection
	GlobalSection(ProjectConfigurationPlatforms) = postSolution
		{DFD7BC15-C69A-4B05-9ACC-465C56225F89}.Debug|Any CPU.ActiveCfg = Debug|Any CPU
		{DFD7BC15-C69A-4B05-9ACC-465C56225F89}.Debug|Any CPU.Build.0 = Debug|Any CPU
		{DFD7BC15-C69A-4B05-9ACC-465C56225F89}.Release|Any CPU.ActiveCfg = Release|Any CPU
		{DFD7BC15-C69A-4B05-9ACC-465C56225F89}.Release|Any CPU.Build.0 = Release|Any CPU
		{EA52E56D-90AA-423D-B540-6AE85E7CF46A}.Debug|Any CPU.ActiveCfg = Debug|Any CPU
		{EA52E56D-90AA-423D-B540-6AE85E7CF46A}.Debug|Any CPU.Build.0 = Debug|Any CPU
		{EA52E56D-90AA-423D-B540-6AE85E7CF46A}.Release|Any CPU.ActiveCfg = Release|Any CPU
		{EA52E56D-90AA-423D-B540-6AE85E7CF46A}.Release|Any CPU.Build.0 = Release|Any CPU
	EndGlobalSection
	GlobalSection(SolutionProperties) = preSolution
		HideSolutionNode = FALSE
	EndGlobalSection
	GlobalSection(ExtensibilityGlobals) = postSolution
		SolutionGuid = {007BF431-FF8E-42B3-8D14-34E1DC830158}
	EndGlobalSection
EndGlobal
